// !$*UTF8*$!
{
	archiveVersion = 1;
	classes = {
	};
	objectVersion = 56;
	objects = {

/* Begin PBXBuildFile section */
		8C667DDF2B564DC20014F74C /* ProductsController.swift in Sources */ = {isa = PBXBuildFile; fileRef = 8C667DDE2B564DC20014F74C /* ProductsController.swift */; };
		8C667DE12B567CAA0014F74C /* ProfileController.swift in Sources */ = {isa = PBXBuildFile; fileRef = 8C667DE02B567CAA0014F74C /* ProfileController.swift */; };
		8C8617902B6F6F3A00A35624 /* StringExtension.swift in Sources */ = {isa = PBXBuildFile; fileRef = 8C86178F2B6F6F3A00A35624 /* StringExtension.swift */; };
		8C8617922B6F830B00A35624 /* UIViewControllerExtension.swift in Sources */ = {isa = PBXBuildFile; fileRef = 8C8617912B6F830B00A35624 /* UIViewControllerExtension.swift */; };
		8C91552F2B53DF700078EBE3 /* UIVIewExtension.swift in Sources */ = {isa = PBXBuildFile; fileRef = 8C91552E2B53DF6F0078EBE3 /* UIVIewExtension.swift */; };
		8C9FC9382B68BD2A004E425A /* CategoryHolderCell.swift in Sources */ = {isa = PBXBuildFile; fileRef = 8C9FC9362B68BD2A004E425A /* CategoryHolderCell.swift */; };
		8C9FC9392B68BD2A004E425A /* CategoryHolderCell.xib in Resources */ = {isa = PBXBuildFile; fileRef = 8C9FC9372B68BD2A004E425A /* CategoryHolderCell.xib */; };
		8C9FC93C2B68CD1D004E425A /* CollectionSectionHeaderView.swift in Sources */ = {isa = PBXBuildFile; fileRef = 8C9FC93A2B68CD1D004E425A /* CollectionSectionHeaderView.swift */; };
		8C9FC93D2B68CD1D004E425A /* CollectionSectionHeaderView.xib in Resources */ = {isa = PBXBuildFile; fileRef = 8C9FC93B2B68CD1D004E425A /* CollectionSectionHeaderView.xib */; };
		8CABBA382B5E35D90043C845 /* SearchCell.swift in Sources */ = {isa = PBXBuildFile; fileRef = 8CABBA362B5E35D90043C845 /* SearchCell.swift */; };
		8CABBA392B5E35D90043C845 /* SearchCell.xib in Resources */ = {isa = PBXBuildFile; fileRef = 8CABBA372B5E35D90043C845 /* SearchCell.xib */; };
		8CAEF0EA2B6A4EA900BF24FC /* CategoryCell.swift in Sources */ = {isa = PBXBuildFile; fileRef = 8CAEF0E82B6A4EA900BF24FC /* CategoryCell.swift */; };
		8CAEF0EB2B6A4EA900BF24FC /* CategoryCell.xib in Resources */ = {isa = PBXBuildFile; fileRef = 8CAEF0E92B6A4EA900BF24FC /* CategoryCell.xib */; };
		8CE0ABCD2B529544005485C6 /* Constants.swift in Sources */ = {isa = PBXBuildFile; fileRef = 8CE0ABCC2B529544005485C6 /* Constants.swift */; };
		8CE0ABCF2B52A600005485C6 /* LoginController.swift in Sources */ = {isa = PBXBuildFile; fileRef = 8CE0ABCE2B52A600005485C6 /* LoginController.swift */; };
		8CEAFA5B2B4E49C8005C0E85 /* AppDelegate.swift in Sources */ = {isa = PBXBuildFile; fileRef = 8CEAFA5A2B4E49C8005C0E85 /* AppDelegate.swift */; };
		8CEAFA5D2B4E49C8005C0E85 /* SceneDelegate.swift in Sources */ = {isa = PBXBuildFile; fileRef = 8CEAFA5C2B4E49C8005C0E85 /* SceneDelegate.swift */; };
		8CEAFA5F2B4E49C8005C0E85 /* SplashController.swift in Sources */ = {isa = PBXBuildFile; fileRef = 8CEAFA5E2B4E49C8005C0E85 /* SplashController.swift */; };
		8CEAFA622B4E49C8005C0E85 /* Main.storyboard in Resources */ = {isa = PBXBuildFile; fileRef = 8CEAFA602B4E49C8005C0E85 /* Main.storyboard */; };
		8CEAFA642B4E49C8005C0E85 /* Assets.xcassets in Resources */ = {isa = PBXBuildFile; fileRef = 8CEAFA632B4E49C8005C0E85 /* Assets.xcassets */; };
		8CEAFA672B4E49C8005C0E85 /* LaunchScreen.storyboard in Resources */ = {isa = PBXBuildFile; fileRef = 8CEAFA652B4E49C8005C0E85 /* LaunchScreen.storyboard */; };
		8CEB897C2B57D901001A2962 /* Product.swift in Sources */ = {isa = PBXBuildFile; fileRef = 8CEB897B2B57D901001A2962 /* Product.swift */; };
		8CF218F32B55314A009E1B1A /* SignUpController.swift in Sources */ = {isa = PBXBuildFile; fileRef = 8CF218F22B55314A009E1B1A /* SignUpController.swift */; };
		8CF218F52B554896009E1B1A /* CategoryController.swift in Sources */ = {isa = PBXBuildFile; fileRef = 8CF218F42B554896009E1B1A /* CategoryController.swift */; };
		8CF218F72B5548D0009E1B1A /* SearchController.swift in Sources */ = {isa = PBXBuildFile; fileRef = 8CF218F62B5548D0009E1B1A /* SearchController.swift */; };
		8CF218F92B55490A009E1B1A /* OrderController.swift in Sources */ = {isa = PBXBuildFile; fileRef = 8CF218F82B55490A009E1B1A /* OrderController.swift */; };
		8CF218FB2B554953009E1B1A /* SettingsController.swift in Sources */ = {isa = PBXBuildFile; fileRef = 8CF218FA2B554953009E1B1A /* SettingsController.swift */; };
		8CF46AAC2B5FBDEA0027562A /* ProductCell.swift in Sources */ = {isa = PBXBuildFile; fileRef = 8CF46AAA2B5FBDEA0027562A /* ProductCell.swift */; };
		8CF46AAD2B5FBDEA0027562A /* ProductCell.xib in Resources */ = {isa = PBXBuildFile; fileRef = 8CF46AAB2B5FBDEA0027562A /* ProductCell.xib */; };
		8CF46AAF2B5FCB7C0027562A /* displayProduct.swift in Sources */ = {isa = PBXBuildFile; fileRef = 8CF46AAE2B5FCB7C0027562A /* displayProduct.swift */; };
		E067EBE9081CA770269CAAF1 /* libPods-test_app.a in Frameworks */ = {isa = PBXBuildFile; fileRef = 42869B70EBE42F0CCCF59091 /* libPods-test_app.a */; };
/* End PBXBuildFile section */

/* Begin PBXFileReference section */
		097C3A1A53D3E42522B21C82 /* Pods-test_app.release.xcconfig */ = {isa = PBXFileReference; includeInIndex = 1; lastKnownFileType = text.xcconfig; name = "Pods-test_app.release.xcconfig"; path = "Target Support Files/Pods-test_app/Pods-test_app.release.xcconfig"; sourceTree = "<group>"; };
		12A874BD553D5BC5F8B2E3F8 /* Pods-test_app.debug.xcconfig */ = {isa = PBXFileReference; includeInIndex = 1; lastKnownFileType = text.xcconfig; name = "Pods-test_app.debug.xcconfig"; path = "Target Support Files/Pods-test_app/Pods-test_app.debug.xcconfig"; sourceTree = "<group>"; };
		42869B70EBE42F0CCCF59091 /* libPods-test_app.a */ = {isa = PBXFileReference; explicitFileType = archive.ar; includeInIndex = 0; path = "libPods-test_app.a"; sourceTree = BUILT_PRODUCTS_DIR; };
		8C667DDE2B564DC20014F74C /* ProductsController.swift */ = {isa = PBXFileReference; lastKnownFileType = sourcecode.swift; path = ProductsController.swift; sourceTree = "<group>"; };
		8C667DE02B567CAA0014F74C /* ProfileController.swift */ = {isa = PBXFileReference; lastKnownFileType = sourcecode.swift; path = ProfileController.swift; sourceTree = "<group>"; };
		8C86178F2B6F6F3A00A35624 /* StringExtension.swift */ = {isa = PBXFileReference; lastKnownFileType = sourcecode.swift; path = StringExtension.swift; sourceTree = "<group>"; };
		8C8617912B6F830B00A35624 /* UIViewControllerExtension.swift */ = {isa = PBXFileReference; lastKnownFileType = sourcecode.swift; path = UIViewControllerExtension.swift; sourceTree = "<group>"; };
		8C91552E2B53DF6F0078EBE3 /* UIVIewExtension.swift */ = {isa = PBXFileReference; lastKnownFileType = sourcecode.swift; path = UIVIewExtension.swift; sourceTree = "<group>"; };
		8C9FC9362B68BD2A004E425A /* CategoryHolderCell.swift */ = {isa = PBXFileReference; lastKnownFileType = sourcecode.swift; path = CategoryHolderCell.swift; sourceTree = "<group>"; };
		8C9FC9372B68BD2A004E425A /* CategoryHolderCell.xib */ = {isa = PBXFileReference; lastKnownFileType = file.xib; path = CategoryHolderCell.xib; sourceTree = "<group>"; };
		8C9FC93A2B68CD1D004E425A /* CollectionSectionHeaderView.swift */ = {isa = PBXFileReference; lastKnownFileType = sourcecode.swift; path = CollectionSectionHeaderView.swift; sourceTree = "<group>"; };
		8C9FC93B2B68CD1D004E425A /* CollectionSectionHeaderView.xib */ = {isa = PBXFileReference; lastKnownFileType = file.xib; path = CollectionSectionHeaderView.xib; sourceTree = "<group>"; };
		8CABBA362B5E35D90043C845 /* SearchCell.swift */ = {isa = PBXFileReference; lastKnownFileType = sourcecode.swift; path = SearchCell.swift; sourceTree = "<group>"; };
		8CABBA372B5E35D90043C845 /* SearchCell.xib */ = {isa = PBXFileReference; lastKnownFileType = file.xib; path = SearchCell.xib; sourceTree = "<group>"; };
		8CAEF0E82B6A4EA900BF24FC /* CategoryCell.swift */ = {isa = PBXFileReference; lastKnownFileType = sourcecode.swift; path = CategoryCell.swift; sourceTree = "<group>"; };
		8CAEF0E92B6A4EA900BF24FC /* CategoryCell.xib */ = {isa = PBXFileReference; lastKnownFileType = file.xib; path = CategoryCell.xib; sourceTree = "<group>"; };
		8CE0ABCC2B529544005485C6 /* Constants.swift */ = {isa = PBXFileReference; lastKnownFileType = sourcecode.swift; path = Constants.swift; sourceTree = "<group>"; };
		8CE0ABCE2B52A600005485C6 /* LoginController.swift */ = {isa = PBXFileReference; lastKnownFileType = sourcecode.swift; path = LoginController.swift; sourceTree = "<group>"; };
		8CEAFA572B4E49C8005C0E85 /* test_app.app */ = {isa = PBXFileReference; explicitFileType = wrapper.application; includeInIndex = 0; path = test_app.app; sourceTree = BUILT_PRODUCTS_DIR; };
		8CEAFA5A2B4E49C8005C0E85 /* AppDelegate.swift */ = {isa = PBXFileReference; lastKnownFileType = sourcecode.swift; path = AppDelegate.swift; sourceTree = "<group>"; };
		8CEAFA5C2B4E49C8005C0E85 /* SceneDelegate.swift */ = {isa = PBXFileReference; lastKnownFileType = sourcecode.swift; path = SceneDelegate.swift; sourceTree = "<group>"; };
		8CEAFA5E2B4E49C8005C0E85 /* SplashController.swift */ = {isa = PBXFileReference; lastKnownFileType = sourcecode.swift; path = SplashController.swift; sourceTree = "<group>"; };
		8CEAFA612B4E49C8005C0E85 /* Base */ = {isa = PBXFileReference; lastKnownFileType = file.storyboard; name = Base; path = Base.lproj/Main.storyboard; sourceTree = "<group>"; };
		8CEAFA632B4E49C8005C0E85 /* Assets.xcassets */ = {isa = PBXFileReference; lastKnownFileType = folder.assetcatalog; path = Assets.xcassets; sourceTree = "<group>"; };
		8CEAFA662B4E49C8005C0E85 /* Base */ = {isa = PBXFileReference; lastKnownFileType = file.storyboard; name = Base; path = Base.lproj/LaunchScreen.storyboard; sourceTree = "<group>"; };
		8CEAFA682B4E49C8005C0E85 /* Info.plist */ = {isa = PBXFileReference; lastKnownFileType = text.plist.xml; path = Info.plist; sourceTree = "<group>"; };
		8CEB897B2B57D901001A2962 /* Product.swift */ = {isa = PBXFileReference; lastKnownFileType = sourcecode.swift; path = Product.swift; sourceTree = "<group>"; };
		8CF218F22B55314A009E1B1A /* SignUpController.swift */ = {isa = PBXFileReference; lastKnownFileType = sourcecode.swift; name = SignUpController.swift; path = test_app/ViewController/SignUpController.swift; sourceTree = SOURCE_ROOT; };
		8CF218F42B554896009E1B1A /* CategoryController.swift */ = {isa = PBXFileReference; lastKnownFileType = sourcecode.swift; path = CategoryController.swift; sourceTree = "<group>"; };
		8CF218F62B5548D0009E1B1A /* SearchController.swift */ = {isa = PBXFileReference; lastKnownFileType = sourcecode.swift; path = SearchController.swift; sourceTree = "<group>"; };
		8CF218F82B55490A009E1B1A /* OrderController.swift */ = {isa = PBXFileReference; lastKnownFileType = sourcecode.swift; path = OrderController.swift; sourceTree = "<group>"; };
		8CF218FA2B554953009E1B1A /* SettingsController.swift */ = {isa = PBXFileReference; lastKnownFileType = sourcecode.swift; path = SettingsController.swift; sourceTree = "<group>"; };
		8CF46AAA2B5FBDEA0027562A /* ProductCell.swift */ = {isa = PBXFileReference; lastKnownFileType = sourcecode.swift; path = ProductCell.swift; sourceTree = "<group>"; };
		8CF46AAB2B5FBDEA0027562A /* ProductCell.xib */ = {isa = PBXFileReference; lastKnownFileType = file.xib; path = ProductCell.xib; sourceTree = "<group>"; };
		8CF46AAE2B5FCB7C0027562A /* displayProduct.swift */ = {isa = PBXFileReference; lastKnownFileType = sourcecode.swift; path = displayProduct.swift; sourceTree = "<group>"; };
/* End PBXFileReference section */

/* Begin PBXFrameworksBuildPhase section */
		8CEAFA542B4E49C8005C0E85 /* Frameworks */ = {
			isa = PBXFrameworksBuildPhase;
			buildActionMask = 2147483647;
			files = (
				E067EBE9081CA770269CAAF1 /* libPods-test_app.a in Frameworks */,
			);
			runOnlyForDeploymentPostprocessing = 0;
		};
/* End PBXFrameworksBuildPhase section */

/* Begin PBXGroup section */
		171B50934DF8508C52DE603D /* Frameworks */ = {
			isa = PBXGroup;
			children = (
				42869B70EBE42F0CCCF59091 /* libPods-test_app.a */,
			);
			name = Frameworks;
			sourceTree = "<group>";
		};
		8C4AC77132D0197B032D023A /* Pods */ = {
			isa = PBXGroup;
			children = (
				12A874BD553D5BC5F8B2E3F8 /* Pods-test_app.debug.xcconfig */,
				097C3A1A53D3E42522B21C82 /* Pods-test_app.release.xcconfig */,
			);
			path = Pods;
			sourceTree = "<group>";
		};
		8C9155262B53BB640078EBE3 /* AppDelegate */ = {
			isa = PBXGroup;
			children = (
				8CEAFA5A2B4E49C8005C0E85 /* AppDelegate.swift */,
				8CEAFA5C2B4E49C8005C0E85 /* SceneDelegate.swift */,
			);
			path = AppDelegate;
			sourceTree = "<group>";
		};
		8C9155272B53BBFF0078EBE3 /* ViewController */ = {
			isa = PBXGroup;
			children = (
				8CF218F22B55314A009E1B1A /* SignUpController.swift */,
				8CEAFA5E2B4E49C8005C0E85 /* SplashController.swift */,
				8CE0ABCE2B52A600005485C6 /* LoginController.swift */,
				8CF218F42B554896009E1B1A /* CategoryController.swift */,
				8CF218F62B5548D0009E1B1A /* SearchController.swift */,
				8CF218F82B55490A009E1B1A /* OrderController.swift */,
				8CF218FA2B554953009E1B1A /* SettingsController.swift */,
				8C667DDE2B564DC20014F74C /* ProductsController.swift */,
				8C667DE02B567CAA0014F74C /* ProfileController.swift */,
			);
			path = ViewController;
			sourceTree = "<group>";
		};
		8C9155282B53BC5E0078EBE3 /* StoryBoards */ = {
			isa = PBXGroup;
			children = (
				8CEAFA602B4E49C8005C0E85 /* Main.storyboard */,
				8CEAFA652B4E49C8005C0E85 /* LaunchScreen.storyboard */,
			);
			path = StoryBoards;
			sourceTree = "<group>";
		};
		8C9155292B53BC9C0078EBE3 /* Utils */ = {
			isa = PBXGroup;
			children = (
				8CE0ABCC2B529544005485C6 /* Constants.swift */,
			);
			path = Utils;
			sourceTree = "<group>";
		};
		8C91552A2B53BCB60078EBE3 /* CustomViews */ = {
			isa = PBXGroup;
			children = (
				8CABBA362B5E35D90043C845 /* SearchCell.swift */,
				8CABBA372B5E35D90043C845 /* SearchCell.xib */,
				8CF46AAA2B5FBDEA0027562A /* ProductCell.swift */,
				8CF46AAB2B5FBDEA0027562A /* ProductCell.xib */,
				8C9FC9362B68BD2A004E425A /* CategoryHolderCell.swift */,
				8C9FC9372B68BD2A004E425A /* CategoryHolderCell.xib */,
				8C9FC93A2B68CD1D004E425A /* CollectionSectionHeaderView.swift */,
				8C9FC93B2B68CD1D004E425A /* CollectionSectionHeaderView.xib */,
				8CAEF0E82B6A4EA900BF24FC /* CategoryCell.swift */,
				8CAEF0E92B6A4EA900BF24FC /* CategoryCell.xib */,
			);
			path = CustomViews;
			sourceTree = "<group>";
		};
		8C91552B2B53BCE60078EBE3 /* ViewModels */ = {
			isa = PBXGroup;
			children = (
			);
			path = ViewModels;
			sourceTree = "<group>";
		};
		8C91552C2B53BCF40078EBE3 /* Services */ = {
			isa = PBXGroup;
			children = (
			);
			path = Services;
			sourceTree = "<group>";
		};
		8C91552D2B53DF110078EBE3 /* Extensions */ = {
			isa = PBXGroup;
			children = (
				8C91552E2B53DF6F0078EBE3 /* UIVIewExtension.swift */,
				8C86178F2B6F6F3A00A35624 /* StringExtension.swift */,
				8C8617912B6F830B00A35624 /* UIViewControllerExtension.swift */,
			);
			path = Extensions;
			sourceTree = "<group>";
		};
		8CEAFA4E2B4E49C8005C0E85 = {
			isa = PBXGroup;
			children = (
				8CEAFA592B4E49C8005C0E85 /* test_app */,
				8CEAFA582B4E49C8005C0E85 /* Products */,
				8C4AC77132D0197B032D023A /* Pods */,
				171B50934DF8508C52DE603D /* Frameworks */,
			);
			sourceTree = "<group>";
		};
		8CEAFA582B4E49C8005C0E85 /* Products */ = {
			isa = PBXGroup;
			children = (
				8CEAFA572B4E49C8005C0E85 /* test_app.app */,
			);
			name = Products;
			sourceTree = "<group>";
		};
		8CEAFA592B4E49C8005C0E85 /* test_app */ = {
			isa = PBXGroup;
			children = (
				8CEB897A2B57D8DA001A2962 /* model */,
				8C91552D2B53DF110078EBE3 /* Extensions */,
				8C91552C2B53BCF40078EBE3 /* Services */,
				8C91552B2B53BCE60078EBE3 /* ViewModels */,
				8C91552A2B53BCB60078EBE3 /* CustomViews */,
				8C9155292B53BC9C0078EBE3 /* Utils */,
				8C9155282B53BC5E0078EBE3 /* StoryBoards */,
				8C9155272B53BBFF0078EBE3 /* ViewController */,
				8C9155262B53BB640078EBE3 /* AppDelegate */,
				8CEAFA632B4E49C8005C0E85 /* Assets.xcassets */,
				8CEAFA682B4E49C8005C0E85 /* Info.plist */,
			);
			path = test_app;
			sourceTree = "<group>";
		};
		8CEB897A2B57D8DA001A2962 /* model */ = {
			isa = PBXGroup;
			children = (
				8CEB897B2B57D901001A2962 /* Product.swift */,
				8CF46AAE2B5FCB7C0027562A /* displayProduct.swift */,
			);
			path = model;
			sourceTree = "<group>";
		};
/* End PBXGroup section */

/* Begin PBXNativeTarget section */
		8CEAFA562B4E49C8005C0E85 /* test_app */ = {
			isa = PBXNativeTarget;
			buildConfigurationList = 8CEAFA6B2B4E49C8005C0E85 /* Build configuration list for PBXNativeTarget "test_app" */;
			buildPhases = (
				B5B8B2D6D06F1095C5B09946 /* [CP] Check Pods Manifest.lock */,
				8CEAFA532B4E49C8005C0E85 /* Sources */,
				8CEAFA542B4E49C8005C0E85 /* Frameworks */,
				8CEAFA552B4E49C8005C0E85 /* Resources */,
				0666AC0265CEA8D48D054FF2 /* [CP] Copy Pods Resources */,
			);
			buildRules = (
			);
			dependencies = (
			);
			name = test_app;
			productName = test_app;
			productReference = 8CEAFA572B4E49C8005C0E85 /* test_app.app */;
			productType = "com.apple.product-type.application";
		};
/* End PBXNativeTarget section */

/* Begin PBXProject section */
		8CEAFA4F2B4E49C8005C0E85 /* Project object */ = {
			isa = PBXProject;
			attributes = {
				BuildIndependentTargetsInParallel = 1;
				LastSwiftUpdateCheck = 1500;
				LastUpgradeCheck = 1500;
				TargetAttributes = {
					8CEAFA562B4E49C8005C0E85 = {
						CreatedOnToolsVersion = 15.0;
					};
				};
			};
			buildConfigurationList = 8CEAFA522B4E49C8005C0E85 /* Build configuration list for PBXProject "test_app" */;
			compatibilityVersion = "Xcode 14.0";
			developmentRegion = en;
			hasScannedForEncodings = 0;
			knownRegions = (
				en,
				Base,
			);
			mainGroup = 8CEAFA4E2B4E49C8005C0E85;
			productRefGroup = 8CEAFA582B4E49C8005C0E85 /* Products */;
			projectDirPath = "";
			projectRoot = "";
			targets = (
				8CEAFA562B4E49C8005C0E85 /* test_app */,
			);
		};
/* End PBXProject section */

/* Begin PBXResourcesBuildPhase section */
		8CEAFA552B4E49C8005C0E85 /* Resources */ = {
			isa = PBXResourcesBuildPhase;
			buildActionMask = 2147483647;
			files = (
				8CEAFA672B4E49C8005C0E85 /* LaunchScreen.storyboard in Resources */,
				8CABBA392B5E35D90043C845 /* SearchCell.xib in Resources */,
				8CF46AAD2B5FBDEA0027562A /* ProductCell.xib in Resources */,
				8C9FC93D2B68CD1D004E425A /* CollectionSectionHeaderView.xib in Resources */,
				8C9FC9392B68BD2A004E425A /* CategoryHolderCell.xib in Resources */,
				8CEAFA642B4E49C8005C0E85 /* Assets.xcassets in Resources */,
				8CEAFA622B4E49C8005C0E85 /* Main.storyboard in Resources */,
				8CAEF0EB2B6A4EA900BF24FC /* CategoryCell.xib in Resources */,
			);
			runOnlyForDeploymentPostprocessing = 0;
		};
/* End PBXResourcesBuildPhase section */

/* Begin PBXShellScriptBuildPhase section */
		0666AC0265CEA8D48D054FF2 /* [CP] Copy Pods Resources */ = {
			isa = PBXShellScriptBuildPhase;
			buildActionMask = 2147483647;
			files = (
			);
			inputFileListPaths = (
				"${PODS_ROOT}/Target Support Files/Pods-test_app/Pods-test_app-resources-${CONFIGURATION}-input-files.xcfilelist",
			);
			name = "[CP] Copy Pods Resources";
			outputFileListPaths = (
				"${PODS_ROOT}/Target Support Files/Pods-test_app/Pods-test_app-resources-${CONFIGURATION}-output-files.xcfilelist",
			);
			runOnlyForDeploymentPostprocessing = 0;
			shellPath = /bin/sh;
			shellScript = "\"${PODS_ROOT}/Target Support Files/Pods-test_app/Pods-test_app-resources.sh\"\n";
			showEnvVarsInLog = 0;
		};
		B5B8B2D6D06F1095C5B09946 /* [CP] Check Pods Manifest.lock */ = {
			isa = PBXShellScriptBuildPhase;
			buildActionMask = 2147483647;
			files = (
			);
			inputFileListPaths = (
			);
			inputPaths = (
				"${PODS_PODFILE_DIR_PATH}/Podfile.lock",
				"${PODS_ROOT}/Manifest.lock",
			);
			name = "[CP] Check Pods Manifest.lock";
			outputFileListPaths = (
			);
			outputPaths = (
				"$(DERIVED_FILE_DIR)/Pods-test_app-checkManifestLockResult.txt",
			);
			runOnlyForDeploymentPostprocessing = 0;
			shellPath = /bin/sh;
			shellScript = "diff \"${PODS_PODFILE_DIR_PATH}/Podfile.lock\" \"${PODS_ROOT}/Manifest.lock\" > /dev/null\nif [ $? != 0 ] ; then\n    # print error to STDERR\n    echo \"error: The sandbox is not in sync with the Podfile.lock. Run 'pod install' or update your CocoaPods installation.\" >&2\n    exit 1\nfi\n# This output is used by Xcode 'outputs' to avoid re-running this script phase.\necho \"SUCCESS\" > \"${SCRIPT_OUTPUT_FILE_0}\"\n";
			showEnvVarsInLog = 0;
		};
/* End PBXShellScriptBuildPhase section */

/* Begin PBXSourcesBuildPhase section */
		8CEAFA532B4E49C8005C0E85 /* Sources */ = {
			isa = PBXSourcesBuildPhase;
			buildActionMask = 2147483647;
			files = (
				8C91552F2B53DF700078EBE3 /* UIVIewExtension.swift in Sources */,
				8CABBA382B5E35D90043C845 /* SearchCell.swift in Sources */,
				8CF218F32B55314A009E1B1A /* SignUpController.swift in Sources */,
				8C9FC93C2B68CD1D004E425A /* CollectionSectionHeaderView.swift in Sources */,
				8CEAFA5F2B4E49C8005C0E85 /* SplashController.swift in Sources */,
				8CEAFA5B2B4E49C8005C0E85 /* AppDelegate.swift in Sources */,
				8CEAFA5D2B4E49C8005C0E85 /* SceneDelegate.swift in Sources */,
				8CF46AAF2B5FCB7C0027562A /* displayProduct.swift in Sources */,
				8C8617902B6F6F3A00A35624 /* StringExtension.swift in Sources */,
				8C667DE12B567CAA0014F74C /* ProfileController.swift in Sources */,
				8CF218FB2B554953009E1B1A /* SettingsController.swift in Sources */,
				8CF218F52B554896009E1B1A /* CategoryController.swift in Sources */,
				8CF218F92B55490A009E1B1A /* OrderController.swift in Sources */,
				8CE0ABCF2B52A600005485C6 /* LoginController.swift in Sources */,
				8CF218F72B5548D0009E1B1A /* SearchController.swift in Sources */,
				8CE0ABCD2B529544005485C6 /* Constants.swift in Sources */,
				8CF46AAC2B5FBDEA0027562A /* ProductCell.swift in Sources */,
				8C9FC9382B68BD2A004E425A /* CategoryHolderCell.swift in Sources */,
				8C667DDF2B564DC20014F74C /* ProductsController.swift in Sources */,
				8CEB897C2B57D901001A2962 /* Product.swift in Sources */,
				8C8617922B6F830B00A35624 /* UIViewControllerExtension.swift in Sources */,
				8CAEF0EA2B6A4EA900BF24FC /* CategoryCell.swift in Sources */,
			);
			runOnlyForDeploymentPostprocessing = 0;
		};
/* End PBXSourcesBuildPhase section */

/* Begin PBXVariantGroup section */
		8CEAFA602B4E49C8005C0E85 /* Main.storyboard */ = {
			isa = PBXVariantGroup;
			children = (
				8CEAFA612B4E49C8005C0E85 /* Base */,
			);
			name = Main.storyboard;
			sourceTree = "<group>";
		};
		8CEAFA652B4E49C8005C0E85 /* LaunchScreen.storyboard */ = {
			isa = PBXVariantGroup;
			children = (
				8CEAFA662B4E49C8005C0E85 /* Base */,
			);
			name = LaunchScreen.storyboard;
			sourceTree = "<group>";
		};
/* End PBXVariantGroup section */

/* Begin XCBuildConfiguration section */
		8CEAFA692B4E49C8005C0E85 /* Debug */ = {
			isa = XCBuildConfiguration;
			buildSettings = {
				ALWAYS_SEARCH_USER_PATHS = NO;
				ASSETCATALOG_COMPILER_GENERATE_SWIFT_ASSET_SYMBOL_EXTENSIONS = YES;
				CLANG_ANALYZER_NONNULL = YES;
				CLANG_ANALYZER_NUMBER_OBJECT_CONVERSION = YES_AGGRESSIVE;
				CLANG_CXX_LANGUAGE_STANDARD = "gnu++20";
				CLANG_ENABLE_MODULES = YES;
				CLANG_ENABLE_OBJC_ARC = YES;
				CLANG_ENABLE_OBJC_WEAK = YES;
				CLANG_WARN_BLOCK_CAPTURE_AUTORELEASING = YES;
				CLANG_WARN_BOOL_CONVERSION = YES;
				CLANG_WARN_COMMA = YES;
				CLANG_WARN_CONSTANT_CONVERSION = YES;
				CLANG_WARN_DEPRECATED_OBJC_IMPLEMENTATIONS = YES;
				CLANG_WARN_DIRECT_OBJC_ISA_USAGE = YES_ERROR;
				CLANG_WARN_DOCUMENTATION_COMMENTS = YES;
				CLANG_WARN_EMPTY_BODY = YES;
				CLANG_WARN_ENUM_CONVERSION = YES;
				CLANG_WARN_INFINITE_RECURSION = YES;
				CLANG_WARN_INT_CONVERSION = YES;
				CLANG_WARN_NON_LITERAL_NULL_CONVERSION = YES;
				CLANG_WARN_OBJC_IMPLICIT_RETAIN_SELF = YES;
				CLANG_WARN_OBJC_LITERAL_CONVERSION = YES;
				CLANG_WARN_OBJC_ROOT_CLASS = YES_ERROR;
				CLANG_WARN_QUOTED_INCLUDE_IN_FRAMEWORK_HEADER = YES;
				CLANG_WARN_RANGE_LOOP_ANALYSIS = YES;
				CLANG_WARN_STRICT_PROTOTYPES = YES;
				CLANG_WARN_SUSPICIOUS_MOVE = YES;
				CLANG_WARN_UNGUARDED_AVAILABILITY = YES_AGGRESSIVE;
				CLANG_WARN_UNREACHABLE_CODE = YES;
				CLANG_WARN__DUPLICATE_METHOD_MATCH = YES;
				COPY_PHASE_STRIP = NO;
				DEBUG_INFORMATION_FORMAT = dwarf;
				ENABLE_STRICT_OBJC_MSGSEND = YES;
				ENABLE_TESTABILITY = YES;
				ENABLE_USER_SCRIPT_SANDBOXING = YES;
				GCC_C_LANGUAGE_STANDARD = gnu17;
				GCC_DYNAMIC_NO_PIC = NO;
				GCC_NO_COMMON_BLOCKS = YES;
				GCC_OPTIMIZATION_LEVEL = 0;
				GCC_PREPROCESSOR_DEFINITIONS = (
					"DEBUG=1",
					"$(inherited)",
				);
				GCC_WARN_64_TO_32_BIT_CONVERSION = YES;
				GCC_WARN_ABOUT_RETURN_TYPE = YES_ERROR;
				GCC_WARN_UNDECLARED_SELECTOR = YES;
				GCC_WARN_UNINITIALIZED_AUTOS = YES_AGGRESSIVE;
				GCC_WARN_UNUSED_FUNCTION = YES;
				GCC_WARN_UNUSED_VARIABLE = YES;
				IPHONEOS_DEPLOYMENT_TARGET = 17.0;
				LOCALIZATION_PREFERS_STRING_CATALOGS = YES;
				MTL_ENABLE_DEBUG_INFO = INCLUDE_SOURCE;
				MTL_FAST_MATH = YES;
				ONLY_ACTIVE_ARCH = YES;
				SDKROOT = iphoneos;
				SWIFT_ACTIVE_COMPILATION_CONDITIONS = "DEBUG $(inherited)";
				SWIFT_OPTIMIZATION_LEVEL = "-Onone";
			};
			name = Debug;
		};
		8CEAFA6A2B4E49C8005C0E85 /* Release */ = {
			isa = XCBuildConfiguration;
			buildSettings = {
				ALWAYS_SEARCH_USER_PATHS = NO;
				ASSETCATALOG_COMPILER_GENERATE_SWIFT_ASSET_SYMBOL_EXTENSIONS = YES;
				CLANG_ANALYZER_NONNULL = YES;
				CLANG_ANALYZER_NUMBER_OBJECT_CONVERSION = YES_AGGRESSIVE;
				CLANG_CXX_LANGUAGE_STANDARD = "gnu++20";
				CLANG_ENABLE_MODULES = YES;
				CLANG_ENABLE_OBJC_ARC = YES;
				CLANG_ENABLE_OBJC_WEAK = YES;
				CLANG_WARN_BLOCK_CAPTURE_AUTORELEASING = YES;
				CLANG_WARN_BOOL_CONVERSION = YES;
				CLANG_WARN_COMMA = YES;
				CLANG_WARN_CONSTANT_CONVERSION = YES;
				CLANG_WARN_DEPRECATED_OBJC_IMPLEMENTATIONS = YES;
				CLANG_WARN_DIRECT_OBJC_ISA_USAGE = YES_ERROR;
				CLANG_WARN_DOCUMENTATION_COMMENTS = YES;
				CLANG_WARN_EMPTY_BODY = YES;
				CLANG_WARN_ENUM_CONVERSION = YES;
				CLANG_WARN_INFINITE_RECURSION = YES;
				CLANG_WARN_INT_CONVERSION = YES;
				CLANG_WARN_NON_LITERAL_NULL_CONVERSION = YES;
				CLANG_WARN_OBJC_IMPLICIT_RETAIN_SELF = YES;
				CLANG_WARN_OBJC_LITERAL_CONVERSION = YES;
				CLANG_WARN_OBJC_ROOT_CLASS = YES_ERROR;
				CLANG_WARN_QUOTED_INCLUDE_IN_FRAMEWORK_HEADER = YES;
				CLANG_WARN_RANGE_LOOP_ANALYSIS = YES;
				CLANG_WARN_STRICT_PROTOTYPES = YES;
				CLANG_WARN_SUSPICIOUS_MOVE = YES;
				CLANG_WARN_UNGUARDED_AVAILABILITY = YES_AGGRESSIVE;
				CLANG_WARN_UNREACHABLE_CODE = YES;
				CLANG_WARN__DUPLICATE_METHOD_MATCH = YES;
				COPY_PHASE_STRIP = NO;
				DEBUG_INFORMATION_FORMAT = "dwarf-with-dsym";
				ENABLE_NS_ASSERTIONS = NO;
				ENABLE_STRICT_OBJC_MSGSEND = YES;
				ENABLE_USER_SCRIPT_SANDBOXING = YES;
				GCC_C_LANGUAGE_STANDARD = gnu17;
				GCC_NO_COMMON_BLOCKS = YES;
				GCC_WARN_64_TO_32_BIT_CONVERSION = YES;
				GCC_WARN_ABOUT_RETURN_TYPE = YES_ERROR;
				GCC_WARN_UNDECLARED_SELECTOR = YES;
				GCC_WARN_UNINITIALIZED_AUTOS = YES_AGGRESSIVE;
				GCC_WARN_UNUSED_FUNCTION = YES;
				GCC_WARN_UNUSED_VARIABLE = YES;
				IPHONEOS_DEPLOYMENT_TARGET = 17.0;
				LOCALIZATION_PREFERS_STRING_CATALOGS = YES;
				MTL_ENABLE_DEBUG_INFO = NO;
				MTL_FAST_MATH = YES;
				SDKROOT = iphoneos;
				SWIFT_COMPILATION_MODE = wholemodule;
				VALIDATE_PRODUCT = YES;
			};
			name = Release;
		};
		8CEAFA6C2B4E49C8005C0E85 /* Debug */ = {
			isa = XCBuildConfiguration;
			baseConfigurationReference = 12A874BD553D5BC5F8B2E3F8 /* Pods-test_app.debug.xcconfig */;
			buildSettings = {
				ASSETCATALOG_COMPILER_APPICON_NAME = AppIcon;
				ASSETCATALOG_COMPILER_GLOBAL_ACCENT_COLOR_NAME = AccentColor;
				CODE_SIGN_STYLE = Automatic;
				CURRENT_PROJECT_VERSION = 1;
				ENABLE_USER_SCRIPT_SANDBOXING = NO;
				GENERATE_INFOPLIST_FILE = YES;
				INFOPLIST_FILE = test_app/Info.plist;
				INFOPLIST_KEY_UIApplicationSupportsIndirectInputEvents = YES;
				INFOPLIST_KEY_UILaunchStoryboardName = LaunchScreen.storyboard;
				INFOPLIST_KEY_UIMainStoryboardFile = Main;
				INFOPLIST_KEY_UISupportedInterfaceOrientations_iPad = "UIInterfaceOrientationPortrait UIInterfaceOrientationPortraitUpsideDown UIInterfaceOrientationLandscapeLeft UIInterfaceOrientationLandscapeRight";
				INFOPLIST_KEY_UISupportedInterfaceOrientations_iPhone = "UIInterfaceOrientationPortrait UIInterfaceOrientationLandscapeLeft UIInterfaceOrientationLandscapeRight";
				LD_RUNPATH_SEARCH_PATHS = (
					"$(inherited)",
					"@executable_path/Frameworks",
				);
				MARKETING_VERSION = 1.0;
				PRODUCT_BUNDLE_IDENTIFIER = "com.ccwa.test-app";
				PRODUCT_NAME = "$(TARGET_NAME)";
				SWIFT_EMIT_LOC_STRINGS = YES;
				SWIFT_VERSION = 5.0;
				TARGETED_DEVICE_FAMILY = "1,2";
			};
			name = Debug;
		};
		8CEAFA6D2B4E49C8005C0E85 /* Release */ = {
			isa = XCBuildConfiguration;
			baseConfigurationReference = 097C3A1A53D3E42522B21C82 /* Pods-test_app.release.xcconfig */;
			buildSettings = {
				ASSETCATALOG_COMPILER_APPICON_NAME = AppIcon;
				ASSETCATALOG_COMPILER_GLOBAL_ACCENT_COLOR_NAME = AccentColor;
				CODE_SIGN_STYLE = Automatic;
				CURRENT_PROJECT_VERSION = 1;
				ENABLE_USER_SCRIPT_SANDBOXING = NO;
				GENERATE_INFOPLIST_FILE = YES;
				INFOPLIST_FILE = test_app/Info.plist;
				INFOPLIST_KEY_UIApplicationSupportsIndirectInputEvents = YES;
				INFOPLIST_KEY_UILaunchStoryboardName = LaunchScreen.storyboard;
				INFOPLIST_KEY_UIMainStoryboardFile = Main;
				INFOPLIST_KEY_UISupportedInterfaceOrientations_iPad = "UIInterfaceOrientationPortrait UIInterfaceOrientationPortraitUpsideDown UIInterfaceOrientationLandscapeLeft UIInterfaceOrientationLandscapeRight";
				INFOPLIST_KEY_UISupportedInterfaceOrientations_iPhone = "UIInterfaceOrientationPortrait UIInterfaceOrientationLandscapeLeft UIInterfaceOrientationLandscapeRight";
				LD_RUNPATH_SEARCH_PATHS = (
					"$(inherited)",
					"@executable_path/Frameworks",
				);
				MARKETING_VERSION = 1.0;
				PRODUCT_BUNDLE_IDENTIFIER = "com.ccwa.test-app";
				PRODUCT_NAME = "$(TARGET_NAME)";
				SWIFT_EMIT_LOC_STRINGS = YES;
				SWIFT_VERSION = 5.0;
				TARGETED_DEVICE_FAMILY = "1,2";
			};
			name = Release;
		};
/* End XCBuildConfiguration section */

/* Begin XCConfigurationList section */
		8CEAFA522B4E49C8005C0E85 /* Build configuration list for PBXProject "test_app" */ = {
			isa = XCConfigurationList;
			buildConfigurations = (
				8CEAFA692B4E49C8005C0E85 /* Debug */,
				8CEAFA6A2B4E49C8005C0E85 /* Release */,
			);
			defaultConfigurationIsVisible = 0;
			defaultConfigurationName = Release;
		};
		8CEAFA6B2B4E49C8005C0E85 /* Build configuration list for PBXNativeTarget "test_app" */ = {
			isa = XCConfigurationList;
			buildConfigurations = (
				8CEAFA6C2B4E49C8005C0E85 /* Debug */,
				8CEAFA6D2B4E49C8005C0E85 /* Release */,
			);
			defaultConfigurationIsVisible = 0;
			defaultConfigurationName = Release;
		};
/* End XCConfigurationList section */
	};
	rootObject = 8CEAFA4F2B4E49C8005C0E85 /* Project object */;
}
